{
  "name": "connect-at-georgia-tech",
  "lockfileVersion": 2,
  "requires": true,
  "packages": {
    "": {
      "dependencies": {
        "random-esm": "^4.2.0"
      }
    },
    "node_modules/random-esm": {
      "version": "4.2.0",
      "resolved": "https://registry.npmjs.org/random-esm/-/random-esm-4.2.0.tgz",
      "integrity": "sha512-s4FOAkXDd3DQ9RG8+r0hLsf9Te4jVwbvJ9PFC38fcGf3+HTUI3vPjAEzi5sWtPGFK4DkH3f5pzXyBPx51385LA==",
      "dependencies": {
        "seedrandom": "^3.0.5"
      },
      "engines": {
        "node": ">=14"
      }
    },
    "node_modules/seedrandom": {
      "version": "3.0.5",
      "resolved": "https://registry.npmjs.org/seedrandom/-/seedrandom-3.0.5.tgz",
      "integrity": "sha512-8OwmbklUNzwezjGInmZ+2clQmExQPvomqjL7LFqOYqtmuxRgQYqOD3mHaU+MvZn5FLUeVxVfQjwLZW/n/JFuqg=="
    }
  },
  "dependencies": {
    "random-esm": {
      "version": "4.2.0",
      "resolved": "https://registry.npmjs.org/random-esm/-/random-esm-4.2.0.tgz",
      "integrity": "sha512-s4FOAkXDd3DQ9RG8+r0hLsf9Te4jVwbvJ9PFC38fcGf3+HTUI3vPjAEzi5sWtPGFK4DkH3f5pzXyBPx51385LA==",
      "requires": {
        "seedrandom": "^3.0.5"
      }
    },
    "seedrandom": {
      "version": "3.0.5",
      "resolved": "https://registry.npmjs.org/seedrandom/-/seedrandom-3.0.5.tgz",
      "integrity": "sha512-8OwmbklUNzwezjGInmZ+2clQmExQPvomqjL7LFqOYqtmuxRgQYqOD3mHaU+MvZn5FLUeVxVfQjwLZW/n/JFuqg=="
    }
  }
}
